# THIS IS AN AUTOGENERATED FILE. DO NOT EDIT THIS FILE DIRECTLY.
# yarn lockfile v1


"@babel/runtime@^7.0.0-beta.51":
  version "7.0.0-beta.55"
  resolved "https://registry.yarnpkg.com/@babel/runtime/-/runtime-7.0.0-beta.55.tgz#0bc33aa5a6ac0b012f37e25b9e6aaa2e489a916b"
  dependencies:
    core-js "^2.5.7"
    regenerator-runtime "^0.12.0"

"@polkadot/api-format@^0.14.26":
  version "0.14.26"
  resolved "https://registry.yarnpkg.com/@polkadot/api-format/-/api-format-0.14.26.tgz#f9f4f693aeba6257926e261e69b55fabc3077f8f"
  dependencies:
    "@babel/runtime" "^7.0.0-beta.51"
    "@polkadot/jsonrpc" "^0.26.35"
    "@polkadot/primitives" "^0.26.35"
    "@polkadot/util" "^0.26.35"
    "@polkadot/util-keyring" "^0.26.35"

"@polkadot/api-provider@^0.14.26":
  version "0.14.26"
  resolved "https://registry.yarnpkg.com/@polkadot/api-provider/-/api-provider-0.14.26.tgz#d9869ba02df2b88b79e15c1c84ab60ac1fb4e417"
  dependencies:
    "@babel/runtime" "^7.0.0-beta.51"
    "@polkadot/storage" "^0.26.35"
    "@polkadot/util" "^0.26.35"
    "@polkadot/util-crypto" "^0.26.35"
    "@polkadot/util-keyring" "^0.26.35"
    "@types/nock" "^9.1.3"
    eventemitter3 "^2.0.3"
    isomorphic-fetch "^2.2.1"
    websocket "^1.0.25"

"@polkadot/api@^0.14.26":
  version "0.14.26"
  resolved "https://registry.yarnpkg.com/@polkadot/api/-/api-0.14.26.tgz#e040e62eb4677868ab344597cc8fa55890a52b92"
  dependencies:
    "@babel/runtime" "^7.0.0-beta.51"
    "@polkadot/api-format" "^0.14.26"
    "@polkadot/api-provider" "^0.14.26"
    "@polkadot/jsonrpc" "^0.26.35"
    "@polkadot/params" "^0.26.35"
    "@polkadot/util" "^0.26.35"

"@polkadot/extrinsics@^0.26.35":
  version "0.26.35"
  resolved "https://registry.yarnpkg.com/@polkadot/extrinsics/-/extrinsics-0.26.35.tgz#cc9b14f1f421f00ea4fde251ff023dd225e7dad7"
  dependencies:
    "@babel/runtime" "^7.0.0-beta.51"
    "@polkadot/params" "^0.26.35"
    "@polkadot/primitives" "^0.26.35"
    "@polkadot/util" "^0.26.35"

"@polkadot/jsonrpc@^0.26.35":
  version "0.26.35"
  resolved "https://registry.yarnpkg.com/@polkadot/jsonrpc/-/jsonrpc-0.26.35.tgz#87db53388ea9ee6fc165c5730742cad06e692668"
  dependencies:
    "@polkadot/params" "^0.26.35"
    babel-runtime "^6.26.0"

"@polkadot/params@^0.26.35":
  version "0.26.35"
  resolved "https://registry.yarnpkg.com/@polkadot/params/-/params-0.26.35.tgz#92df414f862f8bfd18b551a21eff5e996c3c1eca"
  dependencies:
    "@babel/runtime" "^7.0.0-beta.51"
    "@polkadot/extrinsics" "^0.26.35"
    "@polkadot/primitives" "^0.26.35"
    "@polkadot/util" "^0.26.35"

"@polkadot/primitives@^0.26.35":
  version "0.26.35"
  resolved "https://registry.yarnpkg.com/@polkadot/primitives/-/primitives-0.26.35.tgz#03cf35b8765081b3988153c45d27762db0900011"
  dependencies:
    "@babel/runtime" "^7.0.0-beta.51"
    "@polkadot/trie-hash" "^0.26.35"
    "@polkadot/util" "^0.26.35"

"@polkadot/storage@^0.26.35":
  version "0.26.35"
  resolved "https://registry.yarnpkg.com/@polkadot/storage/-/storage-0.26.35.tgz#2d4e3aac47612b0319c0c69f369974266d1c1d04"
  dependencies:
    "@babel/runtime" "^7.0.0-beta.51"
    "@polkadot/params" "^0.26.35"
    "@polkadot/primitives" "^0.26.35"
    "@polkadot/util" "^0.26.35"
    "@polkadot/util-crypto" "^0.26.35"
    "@polkadot/util-keyring" "^0.26.35"

"@polkadot/trie-hash@^0.26.35":
  version "0.26.35"
  resolved "https://registry.yarnpkg.com/@polkadot/trie-hash/-/trie-hash-0.26.35.tgz#632ba48fca8c82a0c4f4af8887b275d7b46045cc"
  dependencies:
    "@babel/runtime" "^7.0.0-beta.51"
    "@polkadot/util" "^0.26.35"
    "@polkadot/util-crypto" "^0.26.35"
    "@polkadot/util-rlp" "^0.26.35"

"@polkadot/util-crypto@^0.26.35":
  version "0.26.35"
  resolved "https://registry.yarnpkg.com/@polkadot/util-crypto/-/util-crypto-0.26.35.tgz#74948946cc266d228b4636953c16c96e99626090"
  dependencies:
    "@babel/runtime" "^7.0.0-beta.51"
    "@polkadot/util" "^0.26.35"
    blakejs "^1.1.0"
    js-sha3 "^0.7.0"
    tweetnacl "^1.0.0"
    xxhashjs "^0.2.2"

"@polkadot/util-keyring@^0.26.35":
  version "0.26.35"
  resolved "https://registry.yarnpkg.com/@polkadot/util-keyring/-/util-keyring-0.26.35.tgz#266002c6591665cf8a7df6c5ad3ed840f8b400a5"
  dependencies:
    "@babel/runtime" "^7.0.0-beta.51"
    "@polkadot/util" "^0.26.35"
    "@polkadot/util-crypto" "^0.26.35"
    "@types/bs58" "^3.0.30"
    bs58 "^4.0.1"

"@polkadot/util-rlp@^0.26.35":
  version "0.26.35"
  resolved "https://registry.yarnpkg.com/@polkadot/util-rlp/-/util-rlp-0.26.35.tgz#f6e4d01a6f87a7882ba5b4d9bc819365d1d138b8"
  dependencies:
    "@babel/runtime" "^7.0.0-beta.51"
    "@polkadot/util" "^0.26.35"

"@polkadot/util@^0.26.35":
  version "0.26.35"
  resolved "https://registry.yarnpkg.com/@polkadot/util/-/util-0.26.35.tgz#c63d8f14a5eadb668f00ca09ee40862c87b53e2e"
  dependencies:
    "@babel/runtime" "^7.0.0-beta.51"
    "@types/bn.js" "^4.11.1"
    "@types/deasync" "^0.1.0"
    "@types/ip-regex" "^2.0.0"
    "@types/xxhashjs" "^0.1.1"
    bn.js "^4.11.8"
    chalk "^2.4.1"
    deasync "^0.1.13"
    ip-regex "^2.1.0"
    moment "^2.22.2"

"@types/base-x@*":
  version "1.0.29"
  resolved "https://registry.yarnpkg.com/@types/base-x/-/base-x-1.0.29.tgz#8a2d73e4a5c3121757a5f8870cfa4509655186b6"

"@types/bn.js@^4.11.1":
  version "4.11.1"
  resolved "https://registry.yarnpkg.com/@types/bn.js/-/bn.js-4.11.1.tgz#6fd07b93490ecf0f3501a31ea9cfd330885b10fa"
  dependencies:
    "@types/node" "*"

"@types/bs58@^3.0.30":
  version "3.0.30"
  resolved "https://registry.yarnpkg.com/@types/bs58/-/bs58-3.0.30.tgz#916ba10992465e56f81afc735e7935fd749893e1"
  dependencies:
    "@types/base-x" "*"

"@types/deasync@^0.1.0":
  version "0.1.0"
  resolved "https://registry.yarnpkg.com/@types/deasync/-/deasync-0.1.0.tgz#b2bd6c3fcde3cf67b8be4c2f70136ba8f157b45a"

"@types/ip-regex@^2.0.0":
  version "2.0.0"
  resolved "https://registry.yarnpkg.com/@types/ip-regex/-/ip-regex-2.0.0.tgz#4b7abb4c2cc1a50f00bb4f26983eefd0cd88f005"

"@types/nock@^9.1.3":
  version "9.3.0"
  resolved "https://registry.yarnpkg.com/@types/nock/-/nock-9.3.0.tgz#9d34358fdcc08afd07144e0784ac9e951d412dd4"
  dependencies:
    "@types/node" "*"

"@types/node@*":
  version "10.5.5"
  resolved "https://registry.yarnpkg.com/@types/node/-/node-10.5.5.tgz#8e84d24e896cd77b0d4f73df274027e3149ec2ba"

"@types/xxhashjs@^0.1.1":
  version "0.1.1"
  resolved "https://registry.yarnpkg.com/@types/xxhashjs/-/xxhashjs-0.1.1.tgz#980709096c7138713b7777f49dccd4b8f93908e5"

ansi-styles@^3.2.1:
  version "3.2.1"
  resolved "https://registry.yarnpkg.com/ansi-styles/-/ansi-styles-3.2.1.tgz#41fbb20243e50b12be0f04b8dedbf07520ce841d"
  dependencies:
    color-convert "^1.9.0"

babel-runtime@^6.26.0:
  version "6.26.0"
  resolved "https://registry.yarnpkg.com/babel-runtime/-/babel-runtime-6.26.0.tgz#965c7058668e82b55d7bfe04ff2337bc8b5647fe"
  dependencies:
    core-js "^2.4.0"
    regenerator-runtime "^0.11.0"

base-x@^3.0.2:
  version "3.0.4"
  resolved "https://registry.yarnpkg.com/base-x/-/base-x-3.0.4.tgz#94c1788736da065edb1d68808869e357c977fa77"
  dependencies:
    safe-buffer "^5.0.1"

bindings@~1.2.1:
  version "1.2.1"
  resolved "https://registry.yarnpkg.com/bindings/-/bindings-1.2.1.tgz#14ad6113812d2d37d72e67b4cacb4bb726505f11"

blakejs@^1.1.0:
  version "1.1.0"
  resolved "https://registry.yarnpkg.com/blakejs/-/blakejs-1.1.0.tgz#69df92ef953aa88ca51a32df6ab1c54a155fc7a5"

bn.js@^4.11.8:
  version "4.11.8"
  resolved "https://registry.yarnpkg.com/bn.js/-/bn.js-4.11.8.tgz#2cde09eb5ee341f484746bb0309b3253b1b1442f"

bs58@^4.0.1:
  version "4.0.1"
  resolved "https://registry.yarnpkg.com/bs58/-/bs58-4.0.1.tgz#be161e76c354f6f788ae4071f63f34e8c4f0a42a"
  dependencies:
    base-x "^3.0.2"

chalk@^2.4.1:
  version "2.4.1"
  resolved "https://registry.yarnpkg.com/chalk/-/chalk-2.4.1.tgz#18c49ab16a037b6eb0152cc83e3471338215b66e"
  dependencies:
    ansi-styles "^3.2.1"
    escape-string-regexp "^1.0.5"
    supports-color "^5.3.0"

color-convert@^1.9.0:
  version "1.9.2"
  resolved "https://registry.yarnpkg.com/color-convert/-/color-convert-1.9.2.tgz#49881b8fba67df12a96bdf3f56c0aab9e7913147"
  dependencies:
    color-name "1.1.1"

color-name@1.1.1:
  version "1.1.1"
  resolved "https://registry.yarnpkg.com/color-name/-/color-name-1.1.1.tgz#4b1415304cf50028ea81643643bd82ea05803689"

core-js@^2.4.0, core-js@^2.5.7:
  version "2.5.7"
  resolved "https://registry.yarnpkg.com/core-js/-/core-js-2.5.7.tgz#f972608ff0cead68b841a16a932d0b183791814e"

cuint@^0.2.2:
  version "0.2.2"
  resolved "https://registry.yarnpkg.com/cuint/-/cuint-0.2.2.tgz#408086d409550c2631155619e9fa7bcadc3b991b"

deasync@^0.1.13:
  version "0.1.13"
  resolved "https://registry.yarnpkg.com/deasync/-/deasync-0.1.13.tgz#815c2b69bbd1117cae570152cd895661c09f20ea"
  dependencies:
    bindings "~1.2.1"
    nan "^2.0.7"

debug@^2.2.0:
  version "2.6.9"
  resolved "https://registry.yarnpkg.com/debug/-/debug-2.6.9.tgz#5d128515df134ff327e90a4c93f4e077a536341f"
  dependencies:
    ms "2.0.0"

encoding@^0.1.11:
  version "0.1.12"
  resolved "https://registry.yarnpkg.com/encoding/-/encoding-0.1.12.tgz#538b66f3ee62cd1ab51ec323829d1f9480c74beb"
  dependencies:
    iconv-lite "~0.4.13"

escape-string-regexp@^1.0.5:
  version "1.0.5"
  resolved "https://registry.yarnpkg.com/escape-string-regexp/-/escape-string-regexp-1.0.5.tgz#1b61c0562190a8dff6ae3bb2cf0200ca130b86d4"

eventemitter3@^2.0.3:
  version "2.0.3"
  resolved "https://registry.yarnpkg.com/eventemitter3/-/eventemitter3-2.0.3.tgz#b5e1079b59fb5e1ba2771c0a993be060a58c99ba"

has-flag@^3.0.0:
  version "3.0.0"
  resolved "https://registry.yarnpkg.com/has-flag/-/has-flag-3.0.0.tgz#b5d454dc2199ae225699f3467e5a07f3b955bafd"

iconv-lite@~0.4.13:
  version "0.4.23"
  resolved "https://registry.yarnpkg.com/iconv-lite/-/iconv-lite-0.4.23.tgz#297871f63be507adcfbfca715d0cd0eed84e9a63"
  dependencies:
    safer-buffer ">= 2.1.2 < 3"

ip-regex@^2.1.0:
  version "2.1.0"
  resolved "https://registry.yarnpkg.com/ip-regex/-/ip-regex-2.1.0.tgz#fa78bf5d2e6913c911ce9f819ee5146bb6d844e9"

is-stream@^1.0.1:
  version "1.1.0"
  resolved "https://registry.yarnpkg.com/is-stream/-/is-stream-1.1.0.tgz#12d4a3dd4e68e0b79ceb8dbc84173ae80d91ca44"

is-typedarray@^1.0.0:
  version "1.0.0"
  resolved "https://registry.yarnpkg.com/is-typedarray/-/is-typedarray-1.0.0.tgz#e479c80858df0c1b11ddda6940f96011fcda4a9a"

isomorphic-fetch@^2.2.1:
  version "2.2.1"
  resolved "https://registry.yarnpkg.com/isomorphic-fetch/-/isomorphic-fetch-2.2.1.tgz#611ae1acf14f5e81f729507472819fe9733558a9"
  dependencies:
    node-fetch "^1.0.1"
    whatwg-fetch ">=0.10.0"

js-sha3@^0.7.0:
  version "0.7.0"
  resolved "https://registry.yarnpkg.com/js-sha3/-/js-sha3-0.7.0.tgz#0a5c57b36f79882573b2d84051f8bb85dd1bd63a"

moment@^2.22.2:
  version "2.22.2"
  resolved "https://registry.yarnpkg.com/moment/-/moment-2.22.2.tgz#3c257f9839fc0e93ff53149632239eb90783ff66"

ms@2.0.0:
  version "2.0.0"
  resolved "https://registry.yarnpkg.com/ms/-/ms-2.0.0.tgz#5608aeadfc00be6c2901df5f9861788de0d597c8"

nan@^2.0.7, nan@^2.3.3:
  version "2.10.0"
  resolved "https://registry.yarnpkg.com/nan/-/nan-2.10.0.tgz#96d0cd610ebd58d4b4de9cc0c6828cda99c7548f"

node-fetch@^1.0.1:
  version "1.7.3"
  resolved "https://registry.yarnpkg.com/node-fetch/-/node-fetch-1.7.3.tgz#980f6f72d85211a5347c6b2bc18c5b84c3eb47ef"
  dependencies:
    encoding "^0.1.11"
    is-stream "^1.0.1"

regenerator-runtime@^0.11.0:
  version "0.11.1"
  resolved "https://registry.yarnpkg.com/regenerator-runtime/-/regenerator-runtime-0.11.1.tgz#be05ad7f9bf7d22e056f9726cee5017fbf19e2e9"

regenerator-runtime@^0.12.0:
  version "0.12.0"
  resolved "https://registry.yarnpkg.com/regenerator-runtime/-/regenerator-runtime-0.12.0.tgz#8052ac952d85b10f3425192cd0c53f45cf65c6cb"

safe-buffer@^5.0.1:
  version "5.1.2"
  resolved "https://registry.yarnpkg.com/safe-buffer/-/safe-buffer-5.1.2.tgz#991ec69d296e0313747d59bdfd2b745c35f8828d"

"safer-buffer@>= 2.1.2 < 3":
  version "2.1.2"
  resolved "https://registry.yarnpkg.com/safer-buffer/-/safer-buffer-2.1.2.tgz#44fa161b0187b9549dd84bb91802f9bd8385cd6a"

supports-color@^5.3.0:
  version "5.4.0"
  resolved "https://registry.yarnpkg.com/supports-color/-/supports-color-5.4.0.tgz#1c6b337402c2137605efe19f10fec390f6faab54"
  dependencies:
    has-flag "^3.0.0"

tweetnacl@^1.0.0:
  version "1.0.0"
  resolved "https://registry.yarnpkg.com/tweetnacl/-/tweetnacl-1.0.0.tgz#713d8b818da42068740bf68386d0479e66fc8a7b"

typedarray-to-buffer@^3.1.2:
  version "3.1.5"
  resolved "https://registry.yarnpkg.com/typedarray-to-buffer/-/typedarray-to-buffer-3.1.5.tgz#a97ee7a9ff42691b9f783ff1bc5112fe3fca9080"
  dependencies:
    is-typedarray "^1.0.0"

typescript@^3.0.1:
  version "3.0.1"
  resolved "https://registry.yarnpkg.com/typescript/-/typescript-3.0.1.tgz#43738f29585d3a87575520a4b93ab6026ef11fdb"

websocket@^1.0.25:
  version "1.0.26"
  resolved "https://registry.yarnpkg.com/websocket/-/websocket-1.0.26.tgz#a03a01299849c35268c83044aa919c6374be8194"
  dependencies:
    debug "^2.2.0"
    nan "^2.3.3"
    typedarray-to-buffer "^3.1.2"
    yaeti "^0.0.6"

whatwg-fetch@>=0.10.0:
  version "2.0.4"
  resolved "https://registry.yarnpkg.com/whatwg-fetch/-/whatwg-fetch-2.0.4.tgz#dde6a5df315f9d39991aa17621853d720b85566f"

xxhashjs@^0.2.2:
  version "0.2.2"
  resolved "https://registry.yarnpkg.com/xxhashjs/-/xxhashjs-0.2.2.tgz#8a6251567621a1c46a5ae204da0249c7f8caa9d8"
  dependencies:
    cuint "^0.2.2"

yaeti@^0.0.6:
  version "0.0.6"
  resolved "https://registry.yarnpkg.com/yaeti/-/yaeti-0.0.6.tgz#f26f484d72684cf42bedfb76970aa1608fbf9577"
